
Microsoft Visual Studio Solution File, Format Version 12.00
# Visual Studio 15
VisualStudioVersion = 15.0.27130.0
MinimumVisualStudioVersion = 10.0.40219.1
Project("{FAE04EC0-301F-11D3-BF4B-00C04F79EFBC}") = "Logistics-Web", "Logistics\Logistics-Web.csproj", "{1B816E14-501D-4862-A530-A9EC7CC89001}"
EndProject
Project("{FAE04EC0-301F-11D3-BF4B-00C04F79EFBC}") = "Logistics-Model", "Logistics-Model\Logistics-Model.csproj", "{77C17831-8A53-4701-B6B7-283721A86A3D}"
EndProject
Project("{FAE04EC0-301F-11D3-BF4B-00C04F79EFBC}") = "Logistics-Busniess", "Logistics-Busniess\Logistics-Busniess.csproj", "{2D8055FE-C09C-44B6-94CA-9905CFCA3DBE}"
EndProject
Project("{FAE04EC0-301F-11D3-BF4B-00C04F79EFBC}") = "Logistics-DAL", "Logistics-DAL\Logistics-DAL.csproj", "{8B0CF182-CF0A-47FF-8ACA-90730B1B1652}"
EndProject
Project("{FAE04EC0-301F-11D3-BF4B-00C04F79EFBC}") = "Logistics.Core", "Logistics.Core\Logistics.Core.csproj", "{D0D82B90-71C7-42D7-BBD4-E10E1651499D}"
EndProject
Project("{FAE04EC0-301F-11D3-BF4B-00C04F79EFBC}") = "Logistics.Console", "Logistics.Console\Logistics.Console.csproj", "{6F84F88E-175F-4B0C-8D8B-323BF84E998C}"
EndProject
Project("{FAE04EC0-301F-11D3-BF4B-00C04F79EFBC}") = "Logistics.Common", "Logistics.Common\Logistics.Common.csproj", "{EAA5D8CF-B810-4EAE-9C03-2D43972F3EA8}"
EndProject
Global
	GlobalSection(SolutionConfigurationPlatforms) = preSolution
		Debug|Any CPU = Debug|Any CPU
		Release|Any CPU = Release|Any CPU
	EndGlobalSection
	GlobalSection(ProjectConfigurationPlatforms) = postSolution
		{1B816E14-501D-4862-A530-A9EC7CC89001}.Debug|Any CPU.ActiveCfg = Debug|Any CPU
		{1B816E14-501D-4862-A530-A9EC7CC89001}.Debug|Any CPU.Build.0 = Debug|Any CPU
		{1B816E14-501D-4862-A530-A9EC7CC89001}.Release|Any CPU.ActiveCfg = Release|Any CPU
		{1B816E14-501D-4862-A530-A9EC7CC89001}.Release|Any CPU.Build.0 = Release|Any CPU
		{77C17831-8A53-4701-B6B7-283721A86A3D}.Debug|Any CPU.ActiveCfg = Debug|Any CPU
		{77C17831-8A53-4701-B6B7-283721A86A3D}.Debug|Any CPU.Build.0 = Debug|Any CPU
		{77C17831-8A53-4701-B6B7-283721A86A3D}.Release|Any CPU.ActiveCfg = Release|Any CPU
		{77C17831-8A53-4701-B6B7-283721A86A3D}.Release|Any CPU.Build.0 = Release|Any CPU
		{2D8055FE-C09C-44B6-94CA-9905CFCA3DBE}.Debug|Any CPU.ActiveCfg = Debug|Any CPU
		{2D8055FE-C09C-44B6-94CA-9905CFCA3DBE}.Debug|Any CPU.Build.0 = Debug|Any CPU
		{2D8055FE-C09C-44B6-94CA-9905CFCA3DBE}.Release|Any CPU.ActiveCfg = Release|Any CPU
		{2D8055FE-C09C-44B6-94CA-9905CFCA3DBE}.Release|Any CPU.Build.0 = Release|Any CPU
		{8B0CF182-CF0A-47FF-8ACA-90730B1B1652}.Debug|Any CPU.ActiveCfg = Debug|Any CPU
		{8B0CF182-CF0A-47FF-8ACA-90730B1B1652}.Debug|Any CPU.Build.0 = Debug|Any CPU
		{8B0CF182-CF0A-47FF-8ACA-90730B1B1652}.Release|Any CPU.ActiveCfg = Release|Any CPU
		{8B0CF182-CF0A-47FF-8ACA-90730B1B1652}.Release|Any CPU.Build.0 = Release|Any CPU
		{D0D82B90-71C7-42D7-BBD4-E10E1651499D}.Debug|Any CPU.ActiveCfg = Debug|Any CPU
		{D0D82B90-71C7-42D7-BBD4-E10E1651499D}.Debug|Any CPU.Build.0 = Debug|Any CPU
		{D0D82B90-71C7-42D7-BBD4-E10E1651499D}.Release|Any CPU.ActiveCfg = Release|Any CPU
		{D0D82B90-71C7-42D7-BBD4-E10E1651499D}.Release|Any CPU.Build.0 = Release|Any CPU
		{6F84F88E-175F-4B0C-8D8B-323BF84E998C}.Debug|Any CPU.ActiveCfg = Debug|Any CPU
		{6F84F88E-175F-4B0C-8D8B-323BF84E998C}.Debug|Any CPU.Build.0 = Debug|Any CPU
		{6F84F88E-175F-4B0C-8D8B-323BF84E998C}.Release|Any CPU.ActiveCfg = Release|Any CPU
		{6F84F88E-175F-4B0C-8D8B-323BF84E998C}.Release|Any CPU.Build.0 = Release|Any CPU
		{EAA5D8CF-B810-4EAE-9C03-2D43972F3EA8}.Debug|Any CPU.ActiveCfg = Debug|Any CPU
		{EAA5D8CF-B810-4EAE-9C03-2D43972F3EA8}.Debug|Any CPU.Build.0 = Debug|Any CPU
		{EAA5D8CF-B810-4EAE-9C03-2D43972F3EA8}.Release|Any CPU.ActiveCfg = Release|Any CPU
		{EAA5D8CF-B810-4EAE-9C03-2D43972F3EA8}.Release|Any CPU.Build.0 = Release|Any CPU
	EndGlobalSection
	GlobalSection(SolutionProperties) = preSolution
		HideSolutionNode = FALSE
	EndGlobalSection
	GlobalSection(ExtensibilityGlobals) = postSolution
		SolutionGuid = {9B226844-1A10-47E7-A086-096119ED1C99}
	EndGlobalSection
EndGlobal
